
Microsoft Visual Studio Solution File, Format Version 12.00
# Visual Studio Version 17
VisualStudioVersion = 17.10.35013.160
MinimumVisualStudioVersion = 10.0.40219.1
Project("{FAE04EC0-301F-11D3-BF4B-00C04F79EFBC}") = "Tarefista.Api", "Tarefista.Api.csproj", "{9705B845-255B-4C2F-86C9-6ACCF422A87B}"
EndProject
Global
	GlobalSection(SolutionConfigurationPlatforms) = preSolution
		Debug|Any CPU = Debug|Any CPU
		Release|Any CPU = Release|Any CPU
	EndGlobalSection
	GlobalSection(ProjectConfigurationPlatforms) = postSolution
		{9705B845-255B-4C2F-86C9-6ACCF422A87B}.Debug|Any CPU.ActiveCfg = Debug|Any CPU
		{9705B845-255B-4C2F-86C9-6ACCF422A87B}.Debug|Any CPU.Build.0 = Debug|Any CPU
		{9705B845-255B-4C2F-86C9-6ACCF422A87B}.Release|Any CPU.ActiveCfg = Release|Any CPU
		{9705B845-255B-4C2F-86C9-6ACCF422A87B}.Release|Any CPU.Build.0 = Release|Any CPU
	EndGlobalSection
	GlobalSection(SolutionProperties) = preSolution
		HideSolutionNode = FALSE
	EndGlobalSection
	GlobalSection(ExtensibilityGlobals) = postSolution
		SolutionGuid = {92E8020A-1816-42F6-9646-089774C4D8DB}
	EndGlobalSection
EndGlobal
